proj_file_hash = "33843a1822dda780bf3e70dcf4f5d2ab"

[[dependencies]]
name = "minilib-binary"
version = "0.5.1"
path = ".fixlang/deps/minilib-binary_0.5.1"

[dependencies.git]
repo = "https://github.com/pt9999/fixlang-minilib-binary.git"
rev = "d920c72f6db5f2cc1fe3f78c29ca6d9152c887f7"

[[dependencies]]
name = "minilib-common"
version = "0.5.2"
path = ".fixlang/deps/minilib-common_0.5.2"

[dependencies.git]
repo = "https://github.com/pt9999/fixlang-minilib-common.git"
rev = "083d1d3f7f1b835813fe76409effb42bb2be5e74"

[[dependencies]]
name = "character"
version = "1.0.0"
path = ".fixlang/deps/character_1.0.0"

[dependencies.git]
repo = "https://github.com/tttmmmyyyy/fixlang-character.git"
rev = "13e128d2b87a729c4e73d986994a5cedcf3e8f49"

[[dependencies]]
name = "time"
version = "1.0.0"
path = ".fixlang/deps/time_1.0.0"

[dependencies.git]
repo = "https://github.com/tttmmmyyyy/fixlang-time.git"
rev = "0df92cf1c3ffc148d658c1a554c94105aef13520"

[[dependencies]]
name = "minilib-text"
version = "0.5.2"
path = ".fixlang/deps/minilib-text_0.5.2"

[dependencies.git]
repo = "https://github.com/pt9999/fixlang-minilib-text.git"
rev = "cd510cb3c4be3e3cc7d7e405649aabe4d8aed2a2"
