proj_file_hash = "9652fd107d118c474da3613f20cbb23f"

[[dependencies]]
name = "character"
version = "1.0.1"
path = ".fixlang/deps/character_1.0.1"

[dependencies.git]
repo = "https://github.com/tttmmmyyyy/fixlang-character.git"
rev = "fd75a6634ec0c919f2d1703112d25da9a3c2346e"

[[dependencies]]
name = "minilib-binary"
version = "0.6.4"
path = ".fixlang/deps/minilib-binary_0.6.4"

[dependencies.git]
repo = "https://github.com/pt9999/fixlang-minilib-binary.git"
rev = "3f4db9b7d323246b16648459efddda05db9e426a"

[[dependencies]]
name = "minilib-common"
version = "0.13.2"
path = ".fixlang/deps/minilib-common_0.13.2"

[dependencies.git]
repo = "https://github.com/pt9999/fixlang-minilib-common.git"
rev = "dd2ac9b5be81dca3ddac5384954534b26835293c"

[[dependencies]]
name = "minilib-text"
version = "0.9.4"
path = ".fixlang/deps/minilib-text_0.9.4"

[dependencies.git]
repo = "https://github.com/pt9999/fixlang-minilib-text.git"
rev = "3005ff49fd58ab3496a5f340d1ba8908154dd62a"

[[dependencies]]
name = "time"
version = "1.0.2"
path = ".fixlang/deps/time_1.0.2"

[dependencies.git]
repo = "https://github.com/tttmmmyyyy/fixlang-time.git"
rev = "7af8a5c115e7437f94dcb4353807c03d816856f6"
