proj_file_hash = "6837b3ee343e781276b23bfd75900be8"

[[dependencies]]
name = "character"
version = "1.0.1"
path = ".fixlang/deps/character_1.0.1"

[dependencies.git]
repo = "https://github.com/tttmmmyyyy/fixlang-character.git"
rev = "fd75a6634ec0c919f2d1703112d25da9a3c2346e"

[[dependencies]]
name = "minilib-binary"
version = "0.6.2"
path = ".fixlang/deps/minilib-binary_0.6.2"

[dependencies.git]
repo = "https://github.com/pt9999/fixlang-minilib-binary.git"
rev = "e6e831a77b80506e01338844b4cb0d6c86267226"

[[dependencies]]
name = "minilib-common"
version = "0.13.0"
path = ".fixlang/deps/minilib-common_0.13.0"

[dependencies.git]
repo = "https://github.com/pt9999/fixlang-minilib-common.git"
rev = "d8af3860a44a3ab19ddf6a39c809b959821cbe98"

[[dependencies]]
name = "minilib-text"
version = "0.9.2"
path = ".fixlang/deps/minilib-text_0.9.2"

[dependencies.git]
repo = "https://github.com/pt9999/fixlang-minilib-text.git"
rev = "7ef1a3e96e95edc5a99afd5be3c86d820a52b63b"

[[dependencies]]
name = "time"
version = "1.0.2"
path = ".fixlang/deps/time_1.0.2"

[dependencies.git]
repo = "https://github.com/tttmmmyyyy/fixlang-time.git"
rev = "7af8a5c115e7437f94dcb4353807c03d816856f6"
