proj_file_hash = "33843a1822dda780bf3e70dcf4f5d2ab"

[[dependencies]]
name = "minilib-binary"
version = "0.5.0"
path = ".fixlang/deps/minilib-binary_0.5.0"

[dependencies.git]
repo = "https://github.com/pt9999/fixlang-minilib-binary.git"
rev = "69663901ea16ae38dbb79300d060c9328bcb5142"

[[dependencies]]
name = "minilib-common"
version = "0.5.0"
path = ".fixlang/deps/minilib-common_0.5.0"

[dependencies.git]
repo = "https://github.com/pt9999/fixlang-minilib-common.git"
rev = "7a598c77197b7afc3a5ed95409eb9354356cb328"

[[dependencies]]
name = "character"
version = "1.0.0"
path = ".fixlang/deps/character_1.0.0"

[dependencies.git]
repo = "https://github.com/tttmmmyyyy/fixlang-character.git"
rev = "13e128d2b87a729c4e73d986994a5cedcf3e8f49"

[[dependencies]]
name = "time"
version = "1.0.0"
path = ".fixlang/deps/time_1.0.0"

[dependencies.git]
repo = "https://github.com/tttmmmyyyy/fixlang-time.git"
rev = "0df92cf1c3ffc148d658c1a554c94105aef13520"

[[dependencies]]
name = "minilib-text"
version = "0.5.1"
path = ".fixlang/deps/minilib-text_0.5.1"

[dependencies.git]
repo = "https://github.com/pt9999/fixlang-minilib-text.git"
rev = "61995451643e7e4bb32dbf24d3d7caf41094c746"
